
Microsoft Visual Studio Solution File, Format Version 12.00
# Visual Studio Version 17
VisualStudioVersion = 17.10.34707.107
MinimumVisualStudioVersion = 10.0.40219.1
Project("{2150E333-8FDC-42A3-9474-1A3956D46DE8}") = "Source", "Source", "{74FE44E4-5473-4509-98F0-1A303F8BF0C4}"
	ProjectSection(SolutionItems) = preProject
		Source\Directory.Packages.props = Source\Directory.Packages.props
	EndProjectSection
EndProject
Project("{2150E333-8FDC-42A3-9474-1A3956D46DE8}") = "Documentation", "Documentation", "{EADBECE6-47A5-4270-9BE5-55C1C36EECC5}"
EndProject
Project("{9A19103F-16F7-4668-BE54-9A1E7A4F7556}") = "Zonit.Core.Attributes", "Source\Zonit.Core.Attributes\Zonit.Core.Attributes.csproj", "{40E7885D-C361-4A7D-B050-1B5F6069DD9F}"
EndProject
Project("{9A19103F-16F7-4668-BE54-9A1E7A4F7556}") = "Zonit.Core", "Source\Zonit.Core\Zonit.Core.csproj", "{28D95C46-C419-4137-94AD-FC54DE722973}"
EndProject
Project("{9A19103F-16F7-4668-BE54-9A1E7A4F7556}") = "Zonit.Core.Xml", "Source\Zonit.Core.Xml\Zonit.Core.Xml.csproj", "{794091AF-1138-49EE-B0A5-A76036205E00}"
EndProject
Project("{2150E333-8FDC-42A3-9474-1A3956D46DE8}") = "Extensions", "Extensions", "{3B46835C-A1E6-4C0F-954B-F027AA91998B}"
EndProject
Project("{2150E333-8FDC-42A3-9474-1A3956D46DE8}") = "Databases", "Databases", "{6F98B9AA-A97E-48CC-9668-B84B19E2508B}"
	ProjectSection(SolutionItems) = preProject
		Source\Extensions\Databases\Readme.md = Source\Extensions\Databases\Readme.md
	EndProjectSection
EndProject
Project("{9A19103F-16F7-4668-BE54-9A1E7A4F7556}") = "Zonit.Extensions.Databases.Abstractions", "Source\Extensions\Databases\Zonit.Extensions.Databases.Abstractions\Zonit.Extensions.Databases.Abstractions.csproj", "{90EC2ADF-9C6E-4934-A3C1-AF3C38E2AAD6}"
EndProject
Project("{9A19103F-16F7-4668-BE54-9A1E7A4F7556}") = "Zonit.Extensions.Databases.SqlServer", "Source\Extensions\Databases\Zonit.Extensions.Databases.SqlServer\Zonit.Extensions.Databases.SqlServer.csproj", "{C5FCCA9D-E4D1-4DDC-B7A8-14EE0C19E517}"
EndProject
Project("{9A19103F-16F7-4668-BE54-9A1E7A4F7556}") = "Zonit.Extensions.Databases.Test", "Source\Extensions\Databases\Zonit.Extensions.Databases.Test\Zonit.Extensions.Databases.Test.csproj", "{D3D77F55-7DE1-48DC-B551-DDD2997997D2}"
EndProject
Project("{9A19103F-16F7-4668-BE54-9A1E7A4F7556}") = "Zonit.Extensions.Databases.Examples", "Source\Extensions\Databases\Zonit.Extensions.Databases.Examples\Zonit.Extensions.Databases.Examples.csproj", "{12263B46-9E5E-4890-9C87-B08F0A0ED8EA}"
EndProject
Project("{2150E333-8FDC-42A3-9474-1A3956D46DE8}") = "Elementy rozwiązania", "Elementy rozwiązania", "{E8F1D2FF-B86A-47D7-8EB7-CC92B0882EA1}"
	ProjectSection(SolutionItems) = preProject
		Readme.md = Readme.md
	EndProjectSection
EndProject
Project("{2150E333-8FDC-42A3-9474-1A3956D46DE8}") = "Logs", "Logs", "{42546B7B-DC85-4E63-B1FE-2194D843BC00}"
EndProject
Project("{9A19103F-16F7-4668-BE54-9A1E7A4F7556}") = "Zonit.Extensions.Logs", "Source\Extensions\Logs\Zonit.Extensions.Logs\Zonit.Extensions.Logs.csproj", "{BEDB75EC-C80C-4CE1-AF3D-E1CF1AB03036}"
EndProject
Project("{9A19103F-16F7-4668-BE54-9A1E7A4F7556}") = "Zonit.Extensions.Logs.Abstractions", "Source\Extensions\Logs\Zonit.Extensions.Logs.Abstractions\Zonit.Extensions.Logs.Abstractions.csproj", "{9ACB5B90-ECF6-4076-9B32-9DC18ED36B20}"
EndProject
Project("{2150E333-8FDC-42A3-9474-1A3956D46DE8}") = "Organizations", "Organizations", "{167CE2C7-4324-466E-B60C-80F520793080}"
EndProject
Project("{9A19103F-16F7-4668-BE54-9A1E7A4F7556}") = "Zonit.Extensions.Organizations.Abstractions", "Source\Extensions\Organizations\Zonit.Extensions.Organizations.Abstractions\Zonit.Extensions.Organizations.Abstractions.csproj", "{1131B174-5205-4A0B-89DB-A6348094AB30}"
EndProject
Project("{2150E333-8FDC-42A3-9474-1A3956D46DE8}") = "Services", "Services", "{488EB07E-3D9C-4902-A2CC-A3F32D4D5B8E}"
EndProject
Project("{2150E333-8FDC-42A3-9474-1A3956D46DE8}") = "Manager", "Manager", "{BFB015E5-BD1A-4B14-8383-FBD78D6CCFCB}"
EndProject
Project("{9A19103F-16F7-4668-BE54-9A1E7A4F7556}") = "Zonit.Services.Manager", "Source\Services\Manager\Zonit.Services.Manager\Zonit.Services.Manager.csproj", "{0F466AC8-61AD-45EE-BBE6-665158A6E340}"
EndProject
Project("{9A19103F-16F7-4668-BE54-9A1E7A4F7556}") = "Zonit.Services.Manager.Examples", "Source\Services\Manager\Zonit.Services.Manager.Examples\Zonit.Services.Manager.Examples.csproj", "{143A01A7-228E-4B48-A09D-0173B263C349}"
EndProject
Project("{2150E333-8FDC-42A3-9474-1A3956D46DE8}") = "Website", "Website", "{8A8B0D31-375E-4C2F-8D94-A1A193F58A13}"
	ProjectSection(SolutionItems) = preProject
		Source\Extensions\Website\Readme.md = Source\Extensions\Website\Readme.md
	EndProjectSection
EndProject
Project("{9A19103F-16F7-4668-BE54-9A1E7A4F7556}") = "Zonit.Extensions.Website.Abstractions", "Source\Extensions\Website\Zonit.Extensions.Website.Abstractions\Zonit.Extensions.Website.Abstractions.csproj", "{00EAEAFE-71D8-4E4C-A73D-B9B025C01CA3}"
EndProject
Project("{2150E333-8FDC-42A3-9474-1A3956D46DE8}") = "Cultures", "Cultures", "{BB25C094-EF08-45B0-860E-11A62C1E6C9E}"
	ProjectSection(SolutionItems) = preProject
		Source\Extensions\Cultures\Readme.md = Source\Extensions\Cultures\Readme.md
	EndProjectSection
EndProject
Project("{9A19103F-16F7-4668-BE54-9A1E7A4F7556}") = "Zonit.Extensions.Cultures.Abstractions", "Source\Extensions\Cultures\Zonit.Extensions.Cultures.Abstractions\Zonit.Extensions.Cultures.Abstractions.csproj", "{7DBF115B-5B4D-4DD1-8894-188331279FD2}"
EndProject
Project("{9A19103F-16F7-4668-BE54-9A1E7A4F7556}") = "Zonit.Services.Manager.Examples.Presentation", "Source\Services\Manager\Zonit.Services.Manager.Examples.Presentation\Zonit.Services.Manager.Examples.Presentation.csproj", "{CDA62A9B-36FE-49E9-9E01-8C54F6FB602A}"
EndProject
Project("{9A19103F-16F7-4668-BE54-9A1E7A4F7556}") = "Zonit.Extensions.Cultures", "Source\Extensions\Cultures\Zonit.Extensions.Cultures\Zonit.Extensions.Cultures.csproj", "{D6E12315-F7AE-44CE-BFDA-D17F98F1FC76}"
EndProject
Project("{9A19103F-16F7-4668-BE54-9A1E7A4F7556}") = "Zonit.Extensions.Website", "Source\Extensions\Website\Zonit.Extensions.Website\Zonit.Extensions.Website.csproj", "{BADCCA8F-9DBE-4632-90E4-AEFA43AFE6E4}"
EndProject
Project("{9A19103F-16F7-4668-BE54-9A1E7A4F7556}") = "Zonit.Extensions.Organizations", "Source\Extensions\Organizations\Zonit.Extensions.Organizations\Zonit.Extensions.Organizations.csproj", "{3BDA964F-0128-438D-8DF3-898500D39F21}"
EndProject
Global
	GlobalSection(SolutionConfigurationPlatforms) = preSolution
		Debug|Any CPU = Debug|Any CPU
		Release|Any CPU = Release|Any CPU
	EndGlobalSection
	GlobalSection(ProjectConfigurationPlatforms) = postSolution
		{40E7885D-C361-4A7D-B050-1B5F6069DD9F}.Debug|Any CPU.ActiveCfg = Debug|Any CPU
		{40E7885D-C361-4A7D-B050-1B5F6069DD9F}.Debug|Any CPU.Build.0 = Debug|Any CPU
		{40E7885D-C361-4A7D-B050-1B5F6069DD9F}.Release|Any CPU.ActiveCfg = Release|Any CPU
		{40E7885D-C361-4A7D-B050-1B5F6069DD9F}.Release|Any CPU.Build.0 = Release|Any CPU
		{28D95C46-C419-4137-94AD-FC54DE722973}.Debug|Any CPU.ActiveCfg = Debug|Any CPU
		{28D95C46-C419-4137-94AD-FC54DE722973}.Debug|Any CPU.Build.0 = Debug|Any CPU
		{28D95C46-C419-4137-94AD-FC54DE722973}.Release|Any CPU.ActiveCfg = Release|Any CPU
		{28D95C46-C419-4137-94AD-FC54DE722973}.Release|Any CPU.Build.0 = Release|Any CPU
		{794091AF-1138-49EE-B0A5-A76036205E00}.Debug|Any CPU.ActiveCfg = Debug|Any CPU
		{794091AF-1138-49EE-B0A5-A76036205E00}.Debug|Any CPU.Build.0 = Debug|Any CPU
		{794091AF-1138-49EE-B0A5-A76036205E00}.Release|Any CPU.ActiveCfg = Release|Any CPU
		{794091AF-1138-49EE-B0A5-A76036205E00}.Release|Any CPU.Build.0 = Release|Any CPU
		{90EC2ADF-9C6E-4934-A3C1-AF3C38E2AAD6}.Debug|Any CPU.ActiveCfg = Debug|Any CPU
		{90EC2ADF-9C6E-4934-A3C1-AF3C38E2AAD6}.Debug|Any CPU.Build.0 = Debug|Any CPU
		{90EC2ADF-9C6E-4934-A3C1-AF3C38E2AAD6}.Release|Any CPU.ActiveCfg = Release|Any CPU
		{90EC2ADF-9C6E-4934-A3C1-AF3C38E2AAD6}.Release|Any CPU.Build.0 = Release|Any CPU
		{C5FCCA9D-E4D1-4DDC-B7A8-14EE0C19E517}.Debug|Any CPU.ActiveCfg = Debug|Any CPU
		{C5FCCA9D-E4D1-4DDC-B7A8-14EE0C19E517}.Debug|Any CPU.Build.0 = Debug|Any CPU
		{C5FCCA9D-E4D1-4DDC-B7A8-14EE0C19E517}.Release|Any CPU.ActiveCfg = Release|Any CPU
		{C5FCCA9D-E4D1-4DDC-B7A8-14EE0C19E517}.Release|Any CPU.Build.0 = Release|Any CPU
		{D3D77F55-7DE1-48DC-B551-DDD2997997D2}.Debug|Any CPU.ActiveCfg = Debug|Any CPU
		{D3D77F55-7DE1-48DC-B551-DDD2997997D2}.Debug|Any CPU.Build.0 = Debug|Any CPU
		{D3D77F55-7DE1-48DC-B551-DDD2997997D2}.Release|Any CPU.ActiveCfg = Release|Any CPU
		{D3D77F55-7DE1-48DC-B551-DDD2997997D2}.Release|Any CPU.Build.0 = Release|Any CPU
		{12263B46-9E5E-4890-9C87-B08F0A0ED8EA}.Debug|Any CPU.ActiveCfg = Debug|Any CPU
		{12263B46-9E5E-4890-9C87-B08F0A0ED8EA}.Debug|Any CPU.Build.0 = Debug|Any CPU
		{12263B46-9E5E-4890-9C87-B08F0A0ED8EA}.Release|Any CPU.ActiveCfg = Release|Any CPU
		{12263B46-9E5E-4890-9C87-B08F0A0ED8EA}.Release|Any CPU.Build.0 = Release|Any CPU
		{BEDB75EC-C80C-4CE1-AF3D-E1CF1AB03036}.Debug|Any CPU.ActiveCfg = Debug|Any CPU
		{BEDB75EC-C80C-4CE1-AF3D-E1CF1AB03036}.Debug|Any CPU.Build.0 = Debug|Any CPU
		{BEDB75EC-C80C-4CE1-AF3D-E1CF1AB03036}.Release|Any CPU.ActiveCfg = Release|Any CPU
		{BEDB75EC-C80C-4CE1-AF3D-E1CF1AB03036}.Release|Any CPU.Build.0 = Release|Any CPU
		{9ACB5B90-ECF6-4076-9B32-9DC18ED36B20}.Debug|Any CPU.ActiveCfg = Debug|Any CPU
		{9ACB5B90-ECF6-4076-9B32-9DC18ED36B20}.Debug|Any CPU.Build.0 = Debug|Any CPU
		{9ACB5B90-ECF6-4076-9B32-9DC18ED36B20}.Release|Any CPU.ActiveCfg = Release|Any CPU
		{9ACB5B90-ECF6-4076-9B32-9DC18ED36B20}.Release|Any CPU.Build.0 = Release|Any CPU
		{1131B174-5205-4A0B-89DB-A6348094AB30}.Debug|Any CPU.ActiveCfg = Debug|Any CPU
		{1131B174-5205-4A0B-89DB-A6348094AB30}.Debug|Any CPU.Build.0 = Debug|Any CPU
		{1131B174-5205-4A0B-89DB-A6348094AB30}.Release|Any CPU.ActiveCfg = Release|Any CPU
		{1131B174-5205-4A0B-89DB-A6348094AB30}.Release|Any CPU.Build.0 = Release|Any CPU
		{0F466AC8-61AD-45EE-BBE6-665158A6E340}.Debug|Any CPU.ActiveCfg = Debug|Any CPU
		{0F466AC8-61AD-45EE-BBE6-665158A6E340}.Debug|Any CPU.Build.0 = Debug|Any CPU
		{0F466AC8-61AD-45EE-BBE6-665158A6E340}.Release|Any CPU.ActiveCfg = Release|Any CPU
		{0F466AC8-61AD-45EE-BBE6-665158A6E340}.Release|Any CPU.Build.0 = Release|Any CPU
		{143A01A7-228E-4B48-A09D-0173B263C349}.Debug|Any CPU.ActiveCfg = Debug|Any CPU
		{143A01A7-228E-4B48-A09D-0173B263C349}.Debug|Any CPU.Build.0 = Debug|Any CPU
		{143A01A7-228E-4B48-A09D-0173B263C349}.Release|Any CPU.ActiveCfg = Release|Any CPU
		{143A01A7-228E-4B48-A09D-0173B263C349}.Release|Any CPU.Build.0 = Release|Any CPU
		{00EAEAFE-71D8-4E4C-A73D-B9B025C01CA3}.Debug|Any CPU.ActiveCfg = Debug|Any CPU
		{00EAEAFE-71D8-4E4C-A73D-B9B025C01CA3}.Debug|Any CPU.Build.0 = Debug|Any CPU
		{00EAEAFE-71D8-4E4C-A73D-B9B025C01CA3}.Release|Any CPU.ActiveCfg = Release|Any CPU
		{00EAEAFE-71D8-4E4C-A73D-B9B025C01CA3}.Release|Any CPU.Build.0 = Release|Any CPU
		{7DBF115B-5B4D-4DD1-8894-188331279FD2}.Debug|Any CPU.ActiveCfg = Debug|Any CPU
		{7DBF115B-5B4D-4DD1-8894-188331279FD2}.Debug|Any CPU.Build.0 = Debug|Any CPU
		{7DBF115B-5B4D-4DD1-8894-188331279FD2}.Release|Any CPU.ActiveCfg = Release|Any CPU
		{7DBF115B-5B4D-4DD1-8894-188331279FD2}.Release|Any CPU.Build.0 = Release|Any CPU
		{CDA62A9B-36FE-49E9-9E01-8C54F6FB602A}.Debug|Any CPU.ActiveCfg = Debug|Any CPU
		{CDA62A9B-36FE-49E9-9E01-8C54F6FB602A}.Debug|Any CPU.Build.0 = Debug|Any CPU
		{CDA62A9B-36FE-49E9-9E01-8C54F6FB602A}.Release|Any CPU.ActiveCfg = Release|Any CPU
		{CDA62A9B-36FE-49E9-9E01-8C54F6FB602A}.Release|Any CPU.Build.0 = Release|Any CPU
		{D6E12315-F7AE-44CE-BFDA-D17F98F1FC76}.Debug|Any CPU.ActiveCfg = Debug|Any CPU
		{D6E12315-F7AE-44CE-BFDA-D17F98F1FC76}.Debug|Any CPU.Build.0 = Debug|Any CPU
		{D6E12315-F7AE-44CE-BFDA-D17F98F1FC76}.Release|Any CPU.ActiveCfg = Release|Any CPU
		{D6E12315-F7AE-44CE-BFDA-D17F98F1FC76}.Release|Any CPU.Build.0 = Release|Any CPU
		{BADCCA8F-9DBE-4632-90E4-AEFA43AFE6E4}.Debug|Any CPU.ActiveCfg = Debug|Any CPU
		{BADCCA8F-9DBE-4632-90E4-AEFA43AFE6E4}.Debug|Any CPU.Build.0 = Debug|Any CPU
		{BADCCA8F-9DBE-4632-90E4-AEFA43AFE6E4}.Release|Any CPU.ActiveCfg = Release|Any CPU
		{BADCCA8F-9DBE-4632-90E4-AEFA43AFE6E4}.Release|Any CPU.Build.0 = Release|Any CPU
		{3BDA964F-0128-438D-8DF3-898500D39F21}.Debug|Any CPU.ActiveCfg = Debug|Any CPU
		{3BDA964F-0128-438D-8DF3-898500D39F21}.Debug|Any CPU.Build.0 = Debug|Any CPU
		{3BDA964F-0128-438D-8DF3-898500D39F21}.Release|Any CPU.ActiveCfg = Release|Any CPU
		{3BDA964F-0128-438D-8DF3-898500D39F21}.Release|Any CPU.Build.0 = Release|Any CPU
	EndGlobalSection
	GlobalSection(SolutionProperties) = preSolution
		HideSolutionNode = FALSE
	EndGlobalSection
	GlobalSection(NestedProjects) = preSolution
		{40E7885D-C361-4A7D-B050-1B5F6069DD9F} = {74FE44E4-5473-4509-98F0-1A303F8BF0C4}
		{28D95C46-C419-4137-94AD-FC54DE722973} = {74FE44E4-5473-4509-98F0-1A303F8BF0C4}
		{794091AF-1138-49EE-B0A5-A76036205E00} = {74FE44E4-5473-4509-98F0-1A303F8BF0C4}
		{3B46835C-A1E6-4C0F-954B-F027AA91998B} = {74FE44E4-5473-4509-98F0-1A303F8BF0C4}
		{6F98B9AA-A97E-48CC-9668-B84B19E2508B} = {3B46835C-A1E6-4C0F-954B-F027AA91998B}
		{90EC2ADF-9C6E-4934-A3C1-AF3C38E2AAD6} = {6F98B9AA-A97E-48CC-9668-B84B19E2508B}
		{C5FCCA9D-E4D1-4DDC-B7A8-14EE0C19E517} = {6F98B9AA-A97E-48CC-9668-B84B19E2508B}
		{D3D77F55-7DE1-48DC-B551-DDD2997997D2} = {6F98B9AA-A97E-48CC-9668-B84B19E2508B}
		{12263B46-9E5E-4890-9C87-B08F0A0ED8EA} = {6F98B9AA-A97E-48CC-9668-B84B19E2508B}
		{42546B7B-DC85-4E63-B1FE-2194D843BC00} = {3B46835C-A1E6-4C0F-954B-F027AA91998B}
		{BEDB75EC-C80C-4CE1-AF3D-E1CF1AB03036} = {42546B7B-DC85-4E63-B1FE-2194D843BC00}
		{9ACB5B90-ECF6-4076-9B32-9DC18ED36B20} = {42546B7B-DC85-4E63-B1FE-2194D843BC00}
		{167CE2C7-4324-466E-B60C-80F520793080} = {3B46835C-A1E6-4C0F-954B-F027AA91998B}
		{1131B174-5205-4A0B-89DB-A6348094AB30} = {167CE2C7-4324-466E-B60C-80F520793080}
		{488EB07E-3D9C-4902-A2CC-A3F32D4D5B8E} = {74FE44E4-5473-4509-98F0-1A303F8BF0C4}
		{BFB015E5-BD1A-4B14-8383-FBD78D6CCFCB} = {488EB07E-3D9C-4902-A2CC-A3F32D4D5B8E}
		{0F466AC8-61AD-45EE-BBE6-665158A6E340} = {BFB015E5-BD1A-4B14-8383-FBD78D6CCFCB}
		{143A01A7-228E-4B48-A09D-0173B263C349} = {BFB015E5-BD1A-4B14-8383-FBD78D6CCFCB}
		{8A8B0D31-375E-4C2F-8D94-A1A193F58A13} = {3B46835C-A1E6-4C0F-954B-F027AA91998B}
		{00EAEAFE-71D8-4E4C-A73D-B9B025C01CA3} = {8A8B0D31-375E-4C2F-8D94-A1A193F58A13}
		{BB25C094-EF08-45B0-860E-11A62C1E6C9E} = {3B46835C-A1E6-4C0F-954B-F027AA91998B}
		{7DBF115B-5B4D-4DD1-8894-188331279FD2} = {BB25C094-EF08-45B0-860E-11A62C1E6C9E}
		{CDA62A9B-36FE-49E9-9E01-8C54F6FB602A} = {BFB015E5-BD1A-4B14-8383-FBD78D6CCFCB}
		{D6E12315-F7AE-44CE-BFDA-D17F98F1FC76} = {BB25C094-EF08-45B0-860E-11A62C1E6C9E}
		{BADCCA8F-9DBE-4632-90E4-AEFA43AFE6E4} = {8A8B0D31-375E-4C2F-8D94-A1A193F58A13}
		{3BDA964F-0128-438D-8DF3-898500D39F21} = {167CE2C7-4324-466E-B60C-80F520793080}
	EndGlobalSection
	GlobalSection(ExtensibilityGlobals) = postSolution
		SolutionGuid = {A245F2EE-E154-4E0A-9727-946ED77DA4CB}
	EndGlobalSection
EndGlobal
